
Microsoft Visual Studio Solution File, Format Version 12.00
# Visual Studio Version 16
VisualStudioVersion = 16.0.32126.315
MinimumVisualStudioVersion = 10.0.40219.1
Project("{FAE04EC0-301F-11D3-BF4B-00C04F79EFBC}") = "bai5_hw21322", "bai5_hw21322\bai5_hw21322.csproj", "{48345328-9A60-4D2B-B167-914BA6D91369}"
EndProject
Global
	GlobalSection(SolutionConfigurationPlatforms) = preSolution
		Debug|Any CPU = Debug|Any CPU
		Release|Any CPU = Release|Any CPU
	EndGlobalSection
	GlobalSection(ProjectConfigurationPlatforms) = postSolution
		{48345328-9A60-4D2B-B167-914BA6D91369}.Debug|Any CPU.ActiveCfg = Debug|Any CPU
		{48345328-9A60-4D2B-B167-914BA6D91369}.Debug|Any CPU.Build.0 = Debug|Any CPU
		{48345328-9A60-4D2B-B167-914BA6D91369}.Release|Any CPU.ActiveCfg = Release|Any CPU
		{48345328-9A60-4D2B-B167-914BA6D91369}.Release|Any CPU.Build.0 = Release|Any CPU
	EndGlobalSection
	GlobalSection(SolutionProperties) = preSolution
		HideSolutionNode = FALSE
	EndGlobalSection
	GlobalSection(ExtensibilityGlobals) = postSolution
		SolutionGuid = {68F1CD9F-25E9-464A-8F9D-49FDEE7A07AE}
	EndGlobalSection
EndGlobal
